
Microsoft Visual Studio Solution File, Format Version 12.00
# Visual Studio 2015
Project("{FAE04EC0-301F-11D3-BF4B-00C04F79EFBC}") = "SmartMergeTest.CSharp", "SmartMergeTest.CSharp.csproj", "{6F62D92B-5413-297F-88CD-9A6046C3B81D}"
EndProject
Project("{FAE04EC0-301F-11D3-BF4B-00C04F79EFBC}") = "SmartMergeTest.CSharp.Editor", "SmartMergeTest.CSharp.Editor.csproj", "{41921E82-CEC3-D3C3-11A9-A6C2C64B43A8}"
EndProject
Global
	GlobalSection(SolutionConfigurationPlatforms) = preSolution
		Debug|Any CPU = Debug|Any CPU
		Release|Any CPU = Release|Any CPU
	EndGlobalSection
	GlobalSection(ProjectConfigurationPlatforms) = postSolution
		{6F62D92B-5413-297F-88CD-9A6046C3B81D}.Debug|Any CPU.ActiveCfg = Debug|Any CPU
		{6F62D92B-5413-297F-88CD-9A6046C3B81D}.Debug|Any CPU.Build.0 = Debug|Any CPU
		{6F62D92B-5413-297F-88CD-9A6046C3B81D}.Release|Any CPU.ActiveCfg = Release|Any CPU
		{6F62D92B-5413-297F-88CD-9A6046C3B81D}.Release|Any CPU.Build.0 = Release|Any CPU
		{41921E82-CEC3-D3C3-11A9-A6C2C64B43A8}.Debug|Any CPU.ActiveCfg = Debug|Any CPU
		{41921E82-CEC3-D3C3-11A9-A6C2C64B43A8}.Debug|Any CPU.Build.0 = Debug|Any CPU
		{41921E82-CEC3-D3C3-11A9-A6C2C64B43A8}.Release|Any CPU.ActiveCfg = Release|Any CPU
		{41921E82-CEC3-D3C3-11A9-A6C2C64B43A8}.Release|Any CPU.Build.0 = Release|Any CPU
	EndGlobalSection
	GlobalSection(SolutionProperties) = preSolution
		HideSolutionNode = FALSE
	EndGlobalSection
EndGlobal
